
Microsoft Visual Studio Solution File, Format Version 12.00
# Visual Studio Version 16
VisualStudioVersion = 16.0.31313.79
MinimumVisualStudioVersion = 10.0.40219.1
Project("{FAE04EC0-301F-11D3-BF4B-00C04F79EFBC}") = "Basics U3 - C2 Programacion Ej5", "Basics U3 - C2 Programacion Ej5\Basics U3 - C2 Programacion Ej5.csproj", "{28603AC2-5475-4963-80FE-8ECFD58ACBB7}"
EndProject
Global
	GlobalSection(SolutionConfigurationPlatforms) = preSolution
		Debug|Any CPU = Debug|Any CPU
		Release|Any CPU = Release|Any CPU
	EndGlobalSection
	GlobalSection(ProjectConfigurationPlatforms) = postSolution
		{28603AC2-5475-4963-80FE-8ECFD58ACBB7}.Debug|Any CPU.ActiveCfg = Debug|Any CPU
		{28603AC2-5475-4963-80FE-8ECFD58ACBB7}.Debug|Any CPU.Build.0 = Debug|Any CPU
		{28603AC2-5475-4963-80FE-8ECFD58ACBB7}.Release|Any CPU.ActiveCfg = Release|Any CPU
		{28603AC2-5475-4963-80FE-8ECFD58ACBB7}.Release|Any CPU.Build.0 = Release|Any CPU
	EndGlobalSection
	GlobalSection(SolutionProperties) = preSolution
		HideSolutionNode = FALSE
	EndGlobalSection
	GlobalSection(ExtensibilityGlobals) = postSolution
		SolutionGuid = {5C49FEEF-7724-4A9E-A1BA-E95859171821}
	EndGlobalSection
EndGlobal
